version = 1
revision = 2
requires-python = ">=3.11"

[[package]]
name = "agentlaboratory"
version = "0.1.0"
source = { virtual = "." }
dependencies = [
    { name = "nvidia-ml-py" },
]

[package.metadata]
requires-dist = [{ name = "nvidia-ml-py", specifier = ">=13.580.82" }]

[[package]]
name = "nvidia-ml-py"
version = "13.580.82"
source = { registry = "https://pypi.org/simple" }
sdist = { url = "https://files.pythonhosted.org/packages/dd/6c/4a533f2c0185027c465adb6063086bc3728301e95f483665bfa9ebafb2d3/nvidia_ml_py-13.580.82.tar.gz", hash = "sha256:0c028805dc53a0e2a6985ea801888197765ac2ef8f1c9e29a7bf0d3616a5efc7", size = 47999, upload-time = "2025-09-11T16:44:56.267Z" }
wheels = [
    { url = "https://files.pythonhosted.org/packages/7f/96/d6d25a4c307d6645f4a9b91d620c0151c544ad38b5e371313a87d2761004/nvidia_ml_py-13.580.82-py3-none-any.whl", hash = "sha256:4361db337b0c551e2d101936dae2e9a60f957af26818e8c0c3a1f32b8db8d0a7", size = 49008, upload-time = "2025-09-11T16:44:54.915Z" },
]
